
Microsoft Visual Studio Solution File, Format Version 12.00
Project("{2150E333-8FDC-42A3-9474-1A3956D46DE8}") = "1-Presentation", "1-Presentation", "{ACE21002-41E3-42F2-83F7-F0110BBC146C}"
EndProject
Project("{2150E333-8FDC-42A3-9474-1A3956D46DE8}") = "2-Application", "2-Application", "{97820545-1C82-4CF3-A28A-4954689929BF}"
EndProject
Project("{2150E333-8FDC-42A3-9474-1A3956D46DE8}") = "3-Domain", "3-Domain", "{0D489C23-5BD4-4C22-962D-940E22988573}"
EndProject
Project("{2150E333-8FDC-42A3-9474-1A3956D46DE8}") = "4-Infrastructure", "4-Infrastructure", "{2E0924DB-87B5-4A2F-864E-5771B99CC54B}"
EndProject
Project("{FAE04EC0-301F-11D3-BF4B-00C04F79EFBC}") = "CampusConnectDDD.Domain", "CampusConnectDDD.Domain\CampusConnectDDD.Domain.csproj", "{02038D03-E6FE-4FF7-8BF9-1AEA93E08C5B}"
EndProject
Project("{FAE04EC0-301F-11D3-BF4B-00C04F79EFBC}") = "CampusConnectDDD.Infrastructure", "CampusConnectDDD.Infrastructure\CampusConnectDDD.Infrastructure.csproj", "{AB3EBE0E-136D-4B27-9C95-B43A71C00376}"
EndProject
Project("{FAE04EC0-301F-11D3-BF4B-00C04F79EFBC}") = "CampusConnectDDD.Presentation", "CampusConnectDDD.Presentation\CampusConnectDDD.Presentation.csproj", "{DC82F59C-20FD-43B8-AD81-780085A164A1}"
EndProject
Global
	GlobalSection(SolutionConfigurationPlatforms) = preSolution
		Debug|Any CPU = Debug|Any CPU
		Release|Any CPU = Release|Any CPU
	EndGlobalSection
	GlobalSection(NestedProjects) = preSolution
		{02038D03-E6FE-4FF7-8BF9-1AEA93E08C5B} = {0D489C23-5BD4-4C22-962D-940E22988573}
		{AB3EBE0E-136D-4B27-9C95-B43A71C00376} = {2E0924DB-87B5-4A2F-864E-5771B99CC54B}
		{DC82F59C-20FD-43B8-AD81-780085A164A1} = {ACE21002-41E3-42F2-83F7-F0110BBC146C}
	EndGlobalSection
	GlobalSection(ProjectConfigurationPlatforms) = postSolution
		{02038D03-E6FE-4FF7-8BF9-1AEA93E08C5B}.Debug|Any CPU.ActiveCfg = Debug|Any CPU
		{02038D03-E6FE-4FF7-8BF9-1AEA93E08C5B}.Debug|Any CPU.Build.0 = Debug|Any CPU
		{02038D03-E6FE-4FF7-8BF9-1AEA93E08C5B}.Release|Any CPU.ActiveCfg = Release|Any CPU
		{02038D03-E6FE-4FF7-8BF9-1AEA93E08C5B}.Release|Any CPU.Build.0 = Release|Any CPU
		{AB3EBE0E-136D-4B27-9C95-B43A71C00376}.Debug|Any CPU.ActiveCfg = Debug|Any CPU
		{AB3EBE0E-136D-4B27-9C95-B43A71C00376}.Debug|Any CPU.Build.0 = Debug|Any CPU
		{AB3EBE0E-136D-4B27-9C95-B43A71C00376}.Release|Any CPU.ActiveCfg = Release|Any CPU
		{AB3EBE0E-136D-4B27-9C95-B43A71C00376}.Release|Any CPU.Build.0 = Release|Any CPU
		{DC82F59C-20FD-43B8-AD81-780085A164A1}.Debug|Any CPU.ActiveCfg = Debug|Any CPU
		{DC82F59C-20FD-43B8-AD81-780085A164A1}.Debug|Any CPU.Build.0 = Debug|Any CPU
		{DC82F59C-20FD-43B8-AD81-780085A164A1}.Release|Any CPU.ActiveCfg = Release|Any CPU
		{DC82F59C-20FD-43B8-AD81-780085A164A1}.Release|Any CPU.Build.0 = Release|Any CPU
	EndGlobalSection
EndGlobal
